
Microsoft Visual Studio Solution File, Format Version 12.00
# Visual Studio Version 17
VisualStudioVersion = 17.8.34525.116
MinimumVisualStudioVersion = 10.0.40219.1
Project("{FAE04EC0-301F-11D3-BF4B-00C04F79EFBC}") = "Agenda", "Agenda\Agenda.csproj", "{9396C6AE-92C1-4177-B31E-2A24D56C98CF}"
EndProject
Global
	GlobalSection(SolutionConfigurationPlatforms) = preSolution
		Debug|Any CPU = Debug|Any CPU
		Release|Any CPU = Release|Any CPU
	EndGlobalSection
	GlobalSection(ProjectConfigurationPlatforms) = postSolution
		{9396C6AE-92C1-4177-B31E-2A24D56C98CF}.Debug|Any CPU.ActiveCfg = Debug|Any CPU
		{9396C6AE-92C1-4177-B31E-2A24D56C98CF}.Debug|Any CPU.Build.0 = Debug|Any CPU
		{9396C6AE-92C1-4177-B31E-2A24D56C98CF}.Release|Any CPU.ActiveCfg = Release|Any CPU
		{9396C6AE-92C1-4177-B31E-2A24D56C98CF}.Release|Any CPU.Build.0 = Release|Any CPU
	EndGlobalSection
	GlobalSection(SolutionProperties) = preSolution
		HideSolutionNode = FALSE
	EndGlobalSection
	GlobalSection(ExtensibilityGlobals) = postSolution
		SolutionGuid = {F9E49F77-554F-4843-A3DE-0DCD45B69E1B}
	EndGlobalSection
EndGlobal
